
Microsoft Visual Studio Solution File, Format Version 12.00
# Visual Studio Version 17
VisualStudioVersion = 17.12.35707.178 d17.12
MinimumVisualStudioVersion = 10.0.40219.1
Project("{FAE04EC0-301F-11D3-BF4B-00C04F79EFBC}") = "Music Playlist Manager", "Music Playlist Manager.csproj", "{25F91517-7E80-4857-85AC-9F9A7E90B266}"
EndProject
Global
	GlobalSection(SolutionConfigurationPlatforms) = preSolution
		Debug|Any CPU = Debug|Any CPU
		Release|Any CPU = Release|Any CPU
	EndGlobalSection
	GlobalSection(ProjectConfigurationPlatforms) = postSolution
		{25F91517-7E80-4857-85AC-9F9A7E90B266}.Debug|Any CPU.ActiveCfg = Debug|Any CPU
		{25F91517-7E80-4857-85AC-9F9A7E90B266}.Debug|Any CPU.Build.0 = Debug|Any CPU
		{25F91517-7E80-4857-85AC-9F9A7E90B266}.Release|Any CPU.ActiveCfg = Release|Any CPU
		{25F91517-7E80-4857-85AC-9F9A7E90B266}.Release|Any CPU.Build.0 = Release|Any CPU
	EndGlobalSection
	GlobalSection(SolutionProperties) = preSolution
		HideSolutionNode = FALSE
	EndGlobalSection
EndGlobal
